
Microsoft Visual Studio Solution File, Format Version 12.00
# Visual Studio Version 17
VisualStudioVersion = 17.14.36603.0 d17.14
MinimumVisualStudioVersion = 10.0.40219.1
Project("{FAE04EC0-301F-11D3-BF4B-00C04F79EFBC}") = "Quiz", "Quiz.csproj", "{7F851439-E38B-48E3-905F-2F2C3BE18D08}"
EndProject
Global
	GlobalSection(SolutionConfigurationPlatforms) = preSolution
		Debug|Any CPU = Debug|Any CPU
		Release|Any CPU = Release|Any CPU
	EndGlobalSection
	GlobalSection(ProjectConfigurationPlatforms) = postSolution
		{7F851439-E38B-48E3-905F-2F2C3BE18D08}.Debug|Any CPU.ActiveCfg = Debug|Any CPU
		{7F851439-E38B-48E3-905F-2F2C3BE18D08}.Debug|Any CPU.Build.0 = Debug|Any CPU
		{7F851439-E38B-48E3-905F-2F2C3BE18D08}.Release|Any CPU.ActiveCfg = Release|Any CPU
		{7F851439-E38B-48E3-905F-2F2C3BE18D08}.Release|Any CPU.Build.0 = Release|Any CPU
	EndGlobalSection
	GlobalSection(SolutionProperties) = preSolution
		HideSolutionNode = FALSE
	EndGlobalSection
	GlobalSection(ExtensibilityGlobals) = postSolution
		SolutionGuid = {29381D45-89DC-48B3-B615-ED76661D8569}
	EndGlobalSection
EndGlobal
